
Microsoft Visual Studio Solution File, Format Version 12.00
# Visual Studio Version 17
VisualStudioVersion = 17.5.33516.290
MinimumVisualStudioVersion = 10.0.40219.1
Project("{9A19103F-16F7-4668-BE54-9A1E7A4F7556}") = "TaskMng.Domain", "TaskMng.Domain\TaskMng.Domain.csproj", "{35C45DCB-9BE5-4284-AB74-03A3178EC82C}"
EndProject
Project("{9A19103F-16F7-4668-BE54-9A1E7A4F7556}") = "TaskMng.Infrastructure", "TaskMng.Infrastructure\TaskMng.Infrastructure.csproj", "{F74DA083-2F2B-482C-93DE-F83E35C1C6F1}"
EndProject
Project("{9A19103F-16F7-4668-BE54-9A1E7A4F7556}") = "TaskMngWebAPI", "TaskMngWebAPI\TaskMngWebAPI.csproj", "{5EE532B1-3940-4AFC-97F4-310DF26853A1}"
EndProject
Global
	GlobalSection(SolutionConfigurationPlatforms) = preSolution
		Debug|Any CPU = Debug|Any CPU
		Release|Any CPU = Release|Any CPU
	EndGlobalSection
	GlobalSection(ProjectConfigurationPlatforms) = postSolution
		{35C45DCB-9BE5-4284-AB74-03A3178EC82C}.Debug|Any CPU.ActiveCfg = Debug|Any CPU
		{35C45DCB-9BE5-4284-AB74-03A3178EC82C}.Debug|Any CPU.Build.0 = Debug|Any CPU
		{35C45DCB-9BE5-4284-AB74-03A3178EC82C}.Release|Any CPU.ActiveCfg = Release|Any CPU
		{35C45DCB-9BE5-4284-AB74-03A3178EC82C}.Release|Any CPU.Build.0 = Release|Any CPU
		{F74DA083-2F2B-482C-93DE-F83E35C1C6F1}.Debug|Any CPU.ActiveCfg = Debug|Any CPU
		{F74DA083-2F2B-482C-93DE-F83E35C1C6F1}.Debug|Any CPU.Build.0 = Debug|Any CPU
		{F74DA083-2F2B-482C-93DE-F83E35C1C6F1}.Release|Any CPU.ActiveCfg = Release|Any CPU
		{F74DA083-2F2B-482C-93DE-F83E35C1C6F1}.Release|Any CPU.Build.0 = Release|Any CPU
		{5EE532B1-3940-4AFC-97F4-310DF26853A1}.Debug|Any CPU.ActiveCfg = Debug|Any CPU
		{5EE532B1-3940-4AFC-97F4-310DF26853A1}.Debug|Any CPU.Build.0 = Debug|Any CPU
		{5EE532B1-3940-4AFC-97F4-310DF26853A1}.Release|Any CPU.ActiveCfg = Release|Any CPU
		{5EE532B1-3940-4AFC-97F4-310DF26853A1}.Release|Any CPU.Build.0 = Release|Any CPU
	EndGlobalSection
	GlobalSection(SolutionProperties) = preSolution
		HideSolutionNode = FALSE
	EndGlobalSection
	GlobalSection(ExtensibilityGlobals) = postSolution
		SolutionGuid = {E3E50804-9142-4403-9DB9-CA1963428676}
	EndGlobalSection
EndGlobal
